
Microsoft Visual Studio Solution File, Format Version 12.00
# Visual Studio 15
VisualStudioVersion = 15.0.28307.572
MinimumVisualStudioVersion = 10.0.40219.1
Project("{FAE04EC0-301F-11D3-BF4B-00C04F79EFBC}") = "Raziapp", "Raziapp\Raziapp.csproj", "{BA7C8233-5C71-4175-BB8E-6E9CC60D748D}"
EndProject
Global
	GlobalSection(SolutionConfigurationPlatforms) = preSolution
		Debug|Any CPU = Debug|Any CPU
		Release|Any CPU = Release|Any CPU
	EndGlobalSection
	GlobalSection(ProjectConfigurationPlatforms) = postSolution
		{BA7C8233-5C71-4175-BB8E-6E9CC60D748D}.Debug|Any CPU.ActiveCfg = Debug|Any CPU
		{BA7C8233-5C71-4175-BB8E-6E9CC60D748D}.Debug|Any CPU.Build.0 = Debug|Any CPU
		{BA7C8233-5C71-4175-BB8E-6E9CC60D748D}.Release|Any CPU.ActiveCfg = Release|Any CPU
		{BA7C8233-5C71-4175-BB8E-6E9CC60D748D}.Release|Any CPU.Build.0 = Release|Any CPU
	EndGlobalSection
	GlobalSection(SolutionProperties) = preSolution
		HideSolutionNode = FALSE
	EndGlobalSection
	GlobalSection(ExtensibilityGlobals) = postSolution
		SolutionGuid = {90412743-369C-4D56-BA44-439FD2340BAF}
	EndGlobalSection
EndGlobal
